
Microsoft Visual Studio Solution File, Format Version 12.00
# Visual Studio Version 17
VisualStudioVersion = 17.8.34330.188
MinimumVisualStudioVersion = 10.0.40219.1
Project("{FAE04EC0-301F-11D3-BF4B-00C04F79EFBC}") = "Task 1", "Task 1\Task 1.csproj", "{DB5A2C15-CE4F-480B-9B63-6B74ED8CC7D7}"
EndProject
Global
	GlobalSection(SolutionConfigurationPlatforms) = preSolution
		Debug|Any CPU = Debug|Any CPU
		Release|Any CPU = Release|Any CPU
	EndGlobalSection
	GlobalSection(ProjectConfigurationPlatforms) = postSolution
		{DB5A2C15-CE4F-480B-9B63-6B74ED8CC7D7}.Debug|Any CPU.ActiveCfg = Debug|Any CPU
		{DB5A2C15-CE4F-480B-9B63-6B74ED8CC7D7}.Debug|Any CPU.Build.0 = Debug|Any CPU
		{DB5A2C15-CE4F-480B-9B63-6B74ED8CC7D7}.Release|Any CPU.ActiveCfg = Release|Any CPU
		{DB5A2C15-CE4F-480B-9B63-6B74ED8CC7D7}.Release|Any CPU.Build.0 = Release|Any CPU
	EndGlobalSection
	GlobalSection(SolutionProperties) = preSolution
		HideSolutionNode = FALSE
	EndGlobalSection
	GlobalSection(ExtensibilityGlobals) = postSolution
		SolutionGuid = {B2ECE7C5-2A67-4845-89A4-A8273292A61B}
	EndGlobalSection
EndGlobal
